
Microsoft Visual Studio Solution File, Format Version 12.00
# Visual Studio Version 16
VisualStudioVersion = 16.0.31025.194
MinimumVisualStudioVersion = 10.0.40219.1
Project("{FAE04EC0-301F-11D3-BF4B-00C04F79EFBC}") = "TypyGeneryczneZadanie1", "TypyGeneryczneZadanie1.csproj", "{D96E759A-0C55-4FED-A90F-0D8B6E199499}"
EndProject
Global
	GlobalSection(SolutionConfigurationPlatforms) = preSolution
		Debug|Any CPU = Debug|Any CPU
		Release|Any CPU = Release|Any CPU
	EndGlobalSection
	GlobalSection(ProjectConfigurationPlatforms) = postSolution
		{D96E759A-0C55-4FED-A90F-0D8B6E199499}.Debug|Any CPU.ActiveCfg = Debug|Any CPU
		{D96E759A-0C55-4FED-A90F-0D8B6E199499}.Debug|Any CPU.Build.0 = Debug|Any CPU
		{D96E759A-0C55-4FED-A90F-0D8B6E199499}.Release|Any CPU.ActiveCfg = Release|Any CPU
		{D96E759A-0C55-4FED-A90F-0D8B6E199499}.Release|Any CPU.Build.0 = Release|Any CPU
	EndGlobalSection
	GlobalSection(SolutionProperties) = preSolution
		HideSolutionNode = FALSE
	EndGlobalSection
	GlobalSection(ExtensibilityGlobals) = postSolution
		SolutionGuid = {AD59EA4B-E71C-4074-A4BC-AB8A149B9F07}
	EndGlobalSection
EndGlobal
